// !$*UTF8*$!
{
	archiveVersion = 1;
	classes = {
	};
	objectVersion = 50;
	objects = {

/* Begin PBXBuildFile section */
		31076CF0241DA0AC002FB947 /* UIView_Extensions.swift in Sources */ = {isa = PBXBuildFile; fileRef = 31076CEF241DA0AC002FB947 /* UIView_Extensions.swift */; };
		31076CF2241DA4DA002FB947 /* UIColor_Extensions.swift in Sources */ = {isa = PBXBuildFile; fileRef = 31076CF1241DA4DA002FB947 /* UIColor_Extensions.swift */; };
		31076CF5241DA891002FB947 /* LoginController.swift in Sources */ = {isa = PBXBuildFile; fileRef = 31076CF4241DA891002FB947 /* LoginController.swift */; };
		31076CF7241DA8F8002FB947 /* RegistrationController.swift in Sources */ = {isa = PBXBuildFile; fileRef = 31076CF6241DA8F8002FB947 /* RegistrationController.swift */; };
		31076CF9241DDF6D002FB947 /* CustomView.swift in Sources */ = {isa = PBXBuildFile; fileRef = 31076CF8241DDF6D002FB947 /* CustomView.swift */; };
		316995E9241D828300BEDFD0 /* AppDelegate.swift in Sources */ = {isa = PBXBuildFile; fileRef = 316995E8241D828300BEDFD0 /* AppDelegate.swift */; };
		316995EB241D828300BEDFD0 /* SceneDelegate.swift in Sources */ = {isa = PBXBuildFile; fileRef = 316995EA241D828300BEDFD0 /* SceneDelegate.swift */; };
		316995F0241D828300BEDFD0 /* Main.storyboard in Resources */ = {isa = PBXBuildFile; fileRef = 316995EE241D828300BEDFD0 /* Main.storyboard */; };
		316995F2241D828400BEDFD0 /* Assets.xcassets in Resources */ = {isa = PBXBuildFile; fileRef = 316995F1241D828400BEDFD0 /* Assets.xcassets */; };
		316995F5241D828400BEDFD0 /* LaunchScreen.storyboard in Resources */ = {isa = PBXBuildFile; fileRef = 316995F3241D828400BEDFD0 /* LaunchScreen.storyboard */; };
		31699605241D83C300BEDFD0 /* MainTabController.swift in Sources */ = {isa = PBXBuildFile; fileRef = 31699604241D83C300BEDFD0 /* MainTabController.swift */; };
		31699607241D852400BEDFD0 /* FeedController.swift in Sources */ = {isa = PBXBuildFile; fileRef = 31699606241D852400BEDFD0 /* FeedController.swift */; };
		31699609241D854E00BEDFD0 /* ExploreController.swift in Sources */ = {isa = PBXBuildFile; fileRef = 31699608241D854E00BEDFD0 /* ExploreController.swift */; };
		3169960B241D855B00BEDFD0 /* NotificationsController.swift in Sources */ = {isa = PBXBuildFile; fileRef = 3169960A241D855B00BEDFD0 /* NotificationsController.swift */; };
		3169960D241D856B00BEDFD0 /* ConversationsController.swift in Sources */ = {isa = PBXBuildFile; fileRef = 3169960C241D856B00BEDFD0 /* ConversationsController.swift */; };
/* End PBXBuildFile section */

/* Begin PBXFileReference section */
		31076CEF241DA0AC002FB947 /* UIView_Extensions.swift */ = {isa = PBXFileReference; lastKnownFileType = sourcecode.swift; path = UIView_Extensions.swift; sourceTree = "<group>"; };
		31076CF1241DA4DA002FB947 /* UIColor_Extensions.swift */ = {isa = PBXFileReference; lastKnownFileType = sourcecode.swift; path = UIColor_Extensions.swift; sourceTree = "<group>"; };
		31076CF4241DA891002FB947 /* LoginController.swift */ = {isa = PBXFileReference; lastKnownFileType = sourcecode.swift; path = LoginController.swift; sourceTree = "<group>"; };
		31076CF6241DA8F8002FB947 /* RegistrationController.swift */ = {isa = PBXFileReference; lastKnownFileType = sourcecode.swift; path = RegistrationController.swift; sourceTree = "<group>"; };
		31076CF8241DDF6D002FB947 /* CustomView.swift */ = {isa = PBXFileReference; lastKnownFileType = sourcecode.swift; path = CustomView.swift; sourceTree = "<group>"; };
		316995E5241D828300BEDFD0 /* TwiterMimic.app */ = {isa = PBXFileReference; explicitFileType = wrapper.application; includeInIndex = 0; path = TwiterMimic.app; sourceTree = BUILT_PRODUCTS_DIR; };
		316995E8241D828300BEDFD0 /* AppDelegate.swift */ = {isa = PBXFileReference; lastKnownFileType = sourcecode.swift; path = AppDelegate.swift; sourceTree = "<group>"; };
		316995EA241D828300BEDFD0 /* SceneDelegate.swift */ = {isa = PBXFileReference; lastKnownFileType = sourcecode.swift; path = SceneDelegate.swift; sourceTree = "<group>"; };
		316995EF241D828300BEDFD0 /* Base */ = {isa = PBXFileReference; lastKnownFileType = file.storyboard; name = Base; path = Base.lproj/Main.storyboard; sourceTree = "<group>"; };
		316995F1241D828400BEDFD0 /* Assets.xcassets */ = {isa = PBXFileReference; lastKnownFileType = folder.assetcatalog; path = Assets.xcassets; sourceTree = "<group>"; };
		316995F4241D828400BEDFD0 /* Base */ = {isa = PBXFileReference; lastKnownFileType = file.storyboard; name = Base; path = Base.lproj/LaunchScreen.storyboard; sourceTree = "<group>"; };
		316995F6241D828400BEDFD0 /* Info.plist */ = {isa = PBXFileReference; lastKnownFileType = text.plist.xml; path = Info.plist; sourceTree = "<group>"; };
		31699604241D83C300BEDFD0 /* MainTabController.swift */ = {isa = PBXFileReference; lastKnownFileType = sourcecode.swift; path = MainTabController.swift; sourceTree = "<group>"; };
		31699606241D852400BEDFD0 /* FeedController.swift */ = {isa = PBXFileReference; lastKnownFileType = sourcecode.swift; path = FeedController.swift; sourceTree = "<group>"; };
		31699608241D854E00BEDFD0 /* ExploreController.swift */ = {isa = PBXFileReference; lastKnownFileType = sourcecode.swift; path = ExploreController.swift; sourceTree = "<group>"; };
		3169960A241D855B00BEDFD0 /* NotificationsController.swift */ = {isa = PBXFileReference; lastKnownFileType = sourcecode.swift; path = NotificationsController.swift; sourceTree = "<group>"; };
		3169960C241D856B00BEDFD0 /* ConversationsController.swift */ = {isa = PBXFileReference; lastKnownFileType = sourcecode.swift; path = ConversationsController.swift; sourceTree = "<group>"; };
/* End PBXFileReference section */

/* Begin PBXFrameworksBuildPhase section */
		316995E2241D828300BEDFD0 /* Frameworks */ = {
			isa = PBXFrameworksBuildPhase;
			buildActionMask = 2147483647;
			files = (
			);
			runOnlyForDeploymentPostprocessing = 0;
		};
/* End PBXFrameworksBuildPhase section */

/* Begin PBXGroup section */
		31076CF3241DA876002FB947 /* Authentication */ = {
			isa = PBXGroup;
			children = (
				31076CF4241DA891002FB947 /* LoginController.swift */,
				31076CF6241DA8F8002FB947 /* RegistrationController.swift */,
			);
			path = Authentication;
			sourceTree = "<group>";
		};
		316995DC241D828300BEDFD0 = {
			isa = PBXGroup;
			children = (
				316995E7241D828300BEDFD0 /* TwiterMimic */,
				316995E6241D828300BEDFD0 /* Products */,
			);
			sourceTree = "<group>";
		};
		316995E6241D828300BEDFD0 /* Products */ = {
			isa = PBXGroup;
			children = (
				316995E5241D828300BEDFD0 /* TwiterMimic.app */,
			);
			name = Products;
			sourceTree = "<group>";
		};
		316995E7241D828300BEDFD0 /* TwiterMimic */ = {
			isa = PBXGroup;
			children = (
				31699602241D830E00BEDFD0 /* Model */,
				31699601241D830D00BEDFD0 /* View */,
				31699600241D830B00BEDFD0 /* VIewModel */,
				316995FD241D830300BEDFD0 /* Controller */,
				316995FC241D82EF00BEDFD0 /* API */,
				31699603241D832600BEDFD0 /* Utils */,
				316995E8241D828300BEDFD0 /* AppDelegate.swift */,
				316995EA241D828300BEDFD0 /* SceneDelegate.swift */,
				316995EE241D828300BEDFD0 /* Main.storyboard */,
				316995F1241D828400BEDFD0 /* Assets.xcassets */,
				316995F3241D828400BEDFD0 /* LaunchScreen.storyboard */,
				316995F6241D828400BEDFD0 /* Info.plist */,
			);
			path = TwiterMimic;
			sourceTree = "<group>";
		};
		316995FC241D82EF00BEDFD0 /* API */ = {
			isa = PBXGroup;
			children = (
			);
			path = API;
			sourceTree = "<group>";
		};
		316995FD241D830300BEDFD0 /* Controller */ = {
			isa = PBXGroup;
			children = (
				31076CF3241DA876002FB947 /* Authentication */,
				31699604241D83C300BEDFD0 /* MainTabController.swift */,
				31699606241D852400BEDFD0 /* FeedController.swift */,
				31699608241D854E00BEDFD0 /* ExploreController.swift */,
				3169960A241D855B00BEDFD0 /* NotificationsController.swift */,
				3169960C241D856B00BEDFD0 /* ConversationsController.swift */,
			);
			path = Controller;
			sourceTree = "<group>";
		};
		31699600241D830B00BEDFD0 /* VIewModel */ = {
			isa = PBXGroup;
			children = (
			);
			path = VIewModel;
			sourceTree = "<group>";
		};
		31699601241D830D00BEDFD0 /* View */ = {
			isa = PBXGroup;
			children = (
			);
			path = View;
			sourceTree = "<group>";
		};
		31699602241D830E00BEDFD0 /* Model */ = {
			isa = PBXGroup;
			children = (
			);
			path = Model;
			sourceTree = "<group>";
		};
		31699603241D832600BEDFD0 /* Utils */ = {
			isa = PBXGroup;
			children = (
				31076CEF241DA0AC002FB947 /* UIView_Extensions.swift */,
				31076CF1241DA4DA002FB947 /* UIColor_Extensions.swift */,
				31076CF8241DDF6D002FB947 /* CustomView.swift */,
			);
			path = Utils;
			sourceTree = "<group>";
		};
/* End PBXGroup section */

/* Begin PBXNativeTarget section */
		316995E4241D828300BEDFD0 /* TwiterMimic */ = {
			isa = PBXNativeTarget;
			buildConfigurationList = 316995F9241D828400BEDFD0 /* Build configuration list for PBXNativeTarget "TwiterMimic" */;
			buildPhases = (
				316995E1241D828300BEDFD0 /* Sources */,
				316995E2241D828300BEDFD0 /* Frameworks */,
				316995E3241D828300BEDFD0 /* Resources */,
			);
			buildRules = (
			);
			dependencies = (
			);
			name = TwiterMimic;
			productName = TwiterMimic;
			productReference = 316995E5241D828300BEDFD0 /* TwiterMimic.app */;
			productType = "com.apple.product-type.application";
		};
/* End PBXNativeTarget section */

/* Begin PBXProject section */
		316995DD241D828300BEDFD0 /* Project object */ = {
			isa = PBXProject;
			attributes = {
				LastSwiftUpdateCheck = 1130;
				LastUpgradeCheck = 1130;
				ORGANIZATIONNAME = Kyo;
				TargetAttributes = {
					316995E4241D828300BEDFD0 = {
						CreatedOnToolsVersion = 11.3.1;
					};
				};
			};
			buildConfigurationList = 316995E0241D828300BEDFD0 /* Build configuration list for PBXProject "TwiterMimic" */;
			compatibilityVersion = "Xcode 9.3";
			developmentRegion = en;
			hasScannedForEncodings = 0;
			knownRegions = (
				en,
				Base,
			);
			mainGroup = 316995DC241D828300BEDFD0;
			productRefGroup = 316995E6241D828300BEDFD0 /* Products */;
			projectDirPath = "";
			projectRoot = "";
			targets = (
				316995E4241D828300BEDFD0 /* TwiterMimic */,
			);
		};
/* End PBXProject section */

/* Begin PBXResourcesBuildPhase section */
		316995E3241D828300BEDFD0 /* Resources */ = {
			isa = PBXResourcesBuildPhase;
			buildActionMask = 2147483647;
			files = (
				316995F5241D828400BEDFD0 /* LaunchScreen.storyboard in Resources */,
				316995F2241D828400BEDFD0 /* Assets.xcassets in Resources */,
				316995F0241D828300BEDFD0 /* Main.storyboard in Resources */,
			);
			runOnlyForDeploymentPostprocessing = 0;
		};
/* End PBXResourcesBuildPhase section */

/* Begin PBXSourcesBuildPhase section */
		316995E1241D828300BEDFD0 /* Sources */ = {
			isa = PBXSourcesBuildPhase;
			buildActionMask = 2147483647;
			files = (
				3169960B241D855B00BEDFD0 /* NotificationsController.swift in Sources */,
				316995E9241D828300BEDFD0 /* AppDelegate.swift in Sources */,
				31699609241D854E00BEDFD0 /* ExploreController.swift in Sources */,
				31076CF0241DA0AC002FB947 /* UIView_Extensions.swift in Sources */,
				316995EB241D828300BEDFD0 /* SceneDelegate.swift in Sources */,
				31699605241D83C300BEDFD0 /* MainTabController.swift in Sources */,
				31076CF9241DDF6D002FB947 /* CustomView.swift in Sources */,
				31076CF7241DA8F8002FB947 /* RegistrationController.swift in Sources */,
				3169960D241D856B00BEDFD0 /* ConversationsController.swift in Sources */,
				31699607241D852400BEDFD0 /* FeedController.swift in Sources */,
				31076CF2241DA4DA002FB947 /* UIColor_Extensions.swift in Sources */,
				31076CF5241DA891002FB947 /* LoginController.swift in Sources */,
			);
			runOnlyForDeploymentPostprocessing = 0;
		};
/* End PBXSourcesBuildPhase section */

/* Begin PBXVariantGroup section */
		316995EE241D828300BEDFD0 /* Main.storyboard */ = {
			isa = PBXVariantGroup;
			children = (
				316995EF241D828300BEDFD0 /* Base */,
			);
			name = Main.storyboard;
			sourceTree = "<group>";
		};
		316995F3241D828400BEDFD0 /* LaunchScreen.storyboard */ = {
			isa = PBXVariantGroup;
			children = (
				316995F4241D828400BEDFD0 /* Base */,
			);
			name = LaunchScreen.storyboard;
			sourceTree = "<group>";
		};
/* End PBXVariantGroup section */

/* Begin XCBuildConfiguration section */
		316995F7241D828400BEDFD0 /* Debug */ = {
			isa = XCBuildConfiguration;
			buildSettings = {
				ALWAYS_SEARCH_USER_PATHS = NO;
				CLANG_ANALYZER_NONNULL = YES;
				CLANG_ANALYZER_NUMBER_OBJECT_CONVERSION = YES_AGGRESSIVE;
				CLANG_CXX_LANGUAGE_STANDARD = "gnu++14";
				CLANG_CXX_LIBRARY = "libc++";
				CLANG_ENABLE_MODULES = YES;
				CLANG_ENABLE_OBJC_ARC = YES;
				CLANG_ENABLE_OBJC_WEAK = YES;
				CLANG_WARN_BLOCK_CAPTURE_AUTORELEASING = YES;
				CLANG_WARN_BOOL_CONVERSION = YES;
				CLANG_WARN_COMMA = YES;
				CLANG_WARN_CONSTANT_CONVERSION = YES;
				CLANG_WARN_DEPRECATED_OBJC_IMPLEMENTATIONS = YES;
				CLANG_WARN_DIRECT_OBJC_ISA_USAGE = YES_ERROR;
				CLANG_WARN_DOCUMENTATION_COMMENTS = YES;
				CLANG_WARN_EMPTY_BODY = YES;
				CLANG_WARN_ENUM_CONVERSION = YES;
				CLANG_WARN_INFINITE_RECURSION = YES;
				CLANG_WARN_INT_CONVERSION = YES;
				CLANG_WARN_NON_LITERAL_NULL_CONVERSION = YES;
				CLANG_WARN_OBJC_IMPLICIT_RETAIN_SELF = YES;
				CLANG_WARN_OBJC_LITERAL_CONVERSION = YES;
				CLANG_WARN_OBJC_ROOT_CLASS = YES_ERROR;
				CLANG_WARN_RANGE_LOOP_ANALYSIS = YES;
				CLANG_WARN_STRICT_PROTOTYPES = YES;
				CLANG_WARN_SUSPICIOUS_MOVE = YES;
				CLANG_WARN_UNGUARDED_AVAILABILITY = YES_AGGRESSIVE;
				CLANG_WARN_UNREACHABLE_CODE = YES;
				CLANG_WARN__DUPLICATE_METHOD_MATCH = YES;
				COPY_PHASE_STRIP = NO;
				DEBUG_INFORMATION_FORMAT = dwarf;
				ENABLE_STRICT_OBJC_MSGSEND = YES;
				ENABLE_TESTABILITY = YES;
				GCC_C_LANGUAGE_STANDARD = gnu11;
				GCC_DYNAMIC_NO_PIC = NO;
				GCC_NO_COMMON_BLOCKS = YES;
				GCC_OPTIMIZATION_LEVEL = 0;
				GCC_PREPROCESSOR_DEFINITIONS = (
					"DEBUG=1",
					"$(inherited)",
				);
				GCC_WARN_64_TO_32_BIT_CONVERSION = YES;
				GCC_WARN_ABOUT_RETURN_TYPE = YES_ERROR;
				GCC_WARN_UNDECLARED_SELECTOR = YES;
				GCC_WARN_UNINITIALIZED_AUTOS = YES_AGGRESSIVE;
				GCC_WARN_UNUSED_FUNCTION = YES;
				GCC_WARN_UNUSED_VARIABLE = YES;
				IPHONEOS_DEPLOYMENT_TARGET = 13.2;
				MTL_ENABLE_DEBUG_INFO = INCLUDE_SOURCE;
				MTL_FAST_MATH = YES;
				ONLY_ACTIVE_ARCH = YES;
				SDKROOT = iphoneos;
				SWIFT_ACTIVE_COMPILATION_CONDITIONS = DEBUG;
				SWIFT_OPTIMIZATION_LEVEL = "-Onone";
			};
			name = Debug;
		};
		316995F8241D828400BEDFD0 /* Release */ = {
			isa = XCBuildConfiguration;
			buildSettings = {
				ALWAYS_SEARCH_USER_PATHS = NO;
				CLANG_ANALYZER_NONNULL = YES;
				CLANG_ANALYZER_NUMBER_OBJECT_CONVERSION = YES_AGGRESSIVE;
				CLANG_CXX_LANGUAGE_STANDARD = "gnu++14";
				CLANG_CXX_LIBRARY = "libc++";
				CLANG_ENABLE_MODULES = YES;
				CLANG_ENABLE_OBJC_ARC = YES;
				CLANG_ENABLE_OBJC_WEAK = YES;
				CLANG_WARN_BLOCK_CAPTURE_AUTORELEASING = YES;
				CLANG_WARN_BOOL_CONVERSION = YES;
				CLANG_WARN_COMMA = YES;
				CLANG_WARN_CONSTANT_CONVERSION = YES;
				CLANG_WARN_DEPRECATED_OBJC_IMPLEMENTATIONS = YES;
				CLANG_WARN_DIRECT_OBJC_ISA_USAGE = YES_ERROR;
				CLANG_WARN_DOCUMENTATION_COMMENTS = YES;
				CLANG_WARN_EMPTY_BODY = YES;
				CLANG_WARN_ENUM_CONVERSION = YES;
				CLANG_WARN_INFINITE_RECURSION = YES;
				CLANG_WARN_INT_CONVERSION = YES;
				CLANG_WARN_NON_LITERAL_NULL_CONVERSION = YES;
				CLANG_WARN_OBJC_IMPLICIT_RETAIN_SELF = YES;
				CLANG_WARN_OBJC_LITERAL_CONVERSION = YES;
				CLANG_WARN_OBJC_ROOT_CLASS = YES_ERROR;
				CLANG_WARN_RANGE_LOOP_ANALYSIS = YES;
				CLANG_WARN_STRICT_PROTOTYPES = YES;
				CLANG_WARN_SUSPICIOUS_MOVE = YES;
				CLANG_WARN_UNGUARDED_AVAILABILITY = YES_AGGRESSIVE;
				CLANG_WARN_UNREACHABLE_CODE = YES;
				CLANG_WARN__DUPLICATE_METHOD_MATCH = YES;
				COPY_PHASE_STRIP = NO;
				DEBUG_INFORMATION_FORMAT = "dwarf-with-dsym";
				ENABLE_NS_ASSERTIONS = NO;
				ENABLE_STRICT_OBJC_MSGSEND = YES;
				GCC_C_LANGUAGE_STANDARD = gnu11;
				GCC_NO_COMMON_BLOCKS = YES;
				GCC_WARN_64_TO_32_BIT_CONVERSION = YES;
				GCC_WARN_ABOUT_RETURN_TYPE = YES_ERROR;
				GCC_WARN_UNDECLARED_SELECTOR = YES;
				GCC_WARN_UNINITIALIZED_AUTOS = YES_AGGRESSIVE;
				GCC_WARN_UNUSED_FUNCTION = YES;
				GCC_WARN_UNUSED_VARIABLE = YES;
				IPHONEOS_DEPLOYMENT_TARGET = 13.2;
				MTL_ENABLE_DEBUG_INFO = NO;
				MTL_FAST_MATH = YES;
				SDKROOT = iphoneos;
				SWIFT_COMPILATION_MODE = wholemodule;
				SWIFT_OPTIMIZATION_LEVEL = "-O";
				VALIDATE_PRODUCT = YES;
			};
			name = Release;
		};
		316995FA241D828400BEDFD0 /* Debug */ = {
			isa = XCBuildConfiguration;
			buildSettings = {
				ASSETCATALOG_COMPILER_APPICON_NAME = AppIcon;
				CODE_SIGN_STYLE = Automatic;
				DEVELOPMENT_TEAM = YDBB8774WP;
				INFOPLIST_FILE = TwiterMimic/Info.plist;
				LD_RUNPATH_SEARCH_PATHS = (
					"$(inherited)",
					"@executable_path/Frameworks",
				);
				PRODUCT_BUNDLE_IDENTIFIER = "com.csci-kyoheo.TwiterMimic";
				PRODUCT_NAME = "$(TARGET_NAME)";
				SWIFT_VERSION = 5.0;
				TARGETED_DEVICE_FAMILY = "1,2";
			};
			name = Debug;
		};
		316995FB241D828400BEDFD0 /* Release */ = {
			isa = XCBuildConfiguration;
			buildSettings = {
				ASSETCATALOG_COMPILER_APPICON_NAME = AppIcon;
				CODE_SIGN_STYLE = Automatic;
				DEVELOPMENT_TEAM = YDBB8774WP;
				INFOPLIST_FILE = TwiterMimic/Info.plist;
				LD_RUNPATH_SEARCH_PATHS = (
					"$(inherited)",
					"@executable_path/Frameworks",
				);
				PRODUCT_BUNDLE_IDENTIFIER = "com.csci-kyoheo.TwiterMimic";
				PRODUCT_NAME = "$(TARGET_NAME)";
				SWIFT_VERSION = 5.0;
				TARGETED_DEVICE_FAMILY = "1,2";
			};
			name = Release;
		};
/* End XCBuildConfiguration section */

/* Begin XCConfigurationList section */
		316995E0241D828300BEDFD0 /* Build configuration list for PBXProject "TwiterMimic" */ = {
			isa = XCConfigurationList;
			buildConfigurations = (
				316995F7241D828400BEDFD0 /* Debug */,
				316995F8241D828400BEDFD0 /* Release */,
			);
			defaultConfigurationIsVisible = 0;
			defaultConfigurationName = Release;
		};
		316995F9241D828400BEDFD0 /* Build configuration list for PBXNativeTarget "TwiterMimic" */ = {
			isa = XCConfigurationList;
			buildConfigurations = (
				316995FA241D828400BEDFD0 /* Debug */,
				316995FB241D828400BEDFD0 /* Release */,
			);
			defaultConfigurationIsVisible = 0;
			defaultConfigurationName = Release;
		};
/* End XCConfigurationList section */
	};
	rootObject = 316995DD241D828300BEDFD0 /* Project object */;
}
