// !$*UTF8*$!
{
	archiveVersion = 1;
	classes = {
	};
	objectVersion = 51;
	objects = {

/* Begin PBXBuildFile section */
		0B43904ED4B0DC8B57A0C5D5 /* Pods_TwitterMimic.framework in Frameworks */ = {isa = PBXBuildFile; fileRef = F64891107728CE00618966CC /* Pods_TwitterMimic.framework */; };
		31076CF0241DA0AC002FB947 /* UIView_Extensions.swift in Sources */ = {isa = PBXBuildFile; fileRef = 31076CEF241DA0AC002FB947 /* UIView_Extensions.swift */; };
		31076CF2241DA4DA002FB947 /* UIColor_Extensions.swift in Sources */ = {isa = PBXBuildFile; fileRef = 31076CF1241DA4DA002FB947 /* UIColor_Extensions.swift */; };
		31076CF5241DA891002FB947 /* LoginController.swift in Sources */ = {isa = PBXBuildFile; fileRef = 31076CF4241DA891002FB947 /* LoginController.swift */; };
		31076CF7241DA8F8002FB947 /* RegistrationController.swift in Sources */ = {isa = PBXBuildFile; fileRef = 31076CF6241DA8F8002FB947 /* RegistrationController.swift */; };
		31076CF9241DDF6D002FB947 /* CustomView.swift in Sources */ = {isa = PBXBuildFile; fileRef = 31076CF8241DDF6D002FB947 /* CustomView.swift */; };
		31076CFB241EAC22002FB947 /* GoogleService-Info.plist in Resources */ = {isa = PBXBuildFile; fileRef = 31076CFA241EAC22002FB947 /* GoogleService-Info.plist */; };
		313A339C241F2286009FF778 /* PostController.swift in Sources */ = {isa = PBXBuildFile; fileRef = 313A339B241F2286009FF778 /* PostController.swift */; };
		313A339E241F3FDA009FF778 /* CaptionTextView.swift in Sources */ = {isa = PBXBuildFile; fileRef = 313A339D241F3FDA009FF778 /* CaptionTextView.swift */; };
		315F6A75241ECD0000EE2901 /* Constants.swift in Sources */ = {isa = PBXBuildFile; fileRef = 315F6A74241ECD0000EE2901 /* Constants.swift */; };
		315F6A77241ED90400EE2901 /* AuthService.swift in Sources */ = {isa = PBXBuildFile; fileRef = 315F6A76241ED90400EE2901 /* AuthService.swift */; };
		316995E9241D828300BEDFD0 /* AppDelegate.swift in Sources */ = {isa = PBXBuildFile; fileRef = 316995E8241D828300BEDFD0 /* AppDelegate.swift */; };
		316995EB241D828300BEDFD0 /* SceneDelegate.swift in Sources */ = {isa = PBXBuildFile; fileRef = 316995EA241D828300BEDFD0 /* SceneDelegate.swift */; };
		316995F0241D828300BEDFD0 /* Main.storyboard in Resources */ = {isa = PBXBuildFile; fileRef = 316995EE241D828300BEDFD0 /* Main.storyboard */; };
		316995F2241D828400BEDFD0 /* Assets.xcassets in Resources */ = {isa = PBXBuildFile; fileRef = 316995F1241D828400BEDFD0 /* Assets.xcassets */; };
		316995F5241D828400BEDFD0 /* LaunchScreen.storyboard in Resources */ = {isa = PBXBuildFile; fileRef = 316995F3241D828400BEDFD0 /* LaunchScreen.storyboard */; };
		31699605241D83C300BEDFD0 /* MainTabController.swift in Sources */ = {isa = PBXBuildFile; fileRef = 31699604241D83C300BEDFD0 /* MainTabController.swift */; };
		31699607241D852400BEDFD0 /* FeedController.swift in Sources */ = {isa = PBXBuildFile; fileRef = 31699606241D852400BEDFD0 /* FeedController.swift */; };
		31699609241D854E00BEDFD0 /* ExploreController.swift in Sources */ = {isa = PBXBuildFile; fileRef = 31699608241D854E00BEDFD0 /* ExploreController.swift */; };
		3169960B241D855B00BEDFD0 /* NotificationsController.swift in Sources */ = {isa = PBXBuildFile; fileRef = 3169960A241D855B00BEDFD0 /* NotificationsController.swift */; };
		3169960D241D856B00BEDFD0 /* ConversationsController.swift in Sources */ = {isa = PBXBuildFile; fileRef = 3169960C241D856B00BEDFD0 /* ConversationsController.swift */; };
		31ECB46A241F09D900C3AAD2 /* UserService.swift in Sources */ = {isa = PBXBuildFile; fileRef = 31ECB469241F09D900C3AAD2 /* UserService.swift */; };
		31ECB46C241F0E9400C3AAD2 /* User.swift in Sources */ = {isa = PBXBuildFile; fileRef = 31ECB46B241F0E9400C3AAD2 /* User.swift */; };
/* End PBXBuildFile section */

/* Begin PBXFileReference section */
		213927F02720463C9F36138A /* Pods-TwiterMimic.release.xcconfig */ = {isa = PBXFileReference; includeInIndex = 1; lastKnownFileType = text.xcconfig; name = "Pods-TwiterMimic.release.xcconfig"; path = "Target Support Files/Pods-TwiterMimic/Pods-TwiterMimic.release.xcconfig"; sourceTree = "<group>"; };
		31076CEF241DA0AC002FB947 /* UIView_Extensions.swift */ = {isa = PBXFileReference; lastKnownFileType = sourcecode.swift; path = UIView_Extensions.swift; sourceTree = "<group>"; };
		31076CF1241DA4DA002FB947 /* UIColor_Extensions.swift */ = {isa = PBXFileReference; lastKnownFileType = sourcecode.swift; path = UIColor_Extensions.swift; sourceTree = "<group>"; };
		31076CF4241DA891002FB947 /* LoginController.swift */ = {isa = PBXFileReference; lastKnownFileType = sourcecode.swift; path = LoginController.swift; sourceTree = "<group>"; };
		31076CF6241DA8F8002FB947 /* RegistrationController.swift */ = {isa = PBXFileReference; lastKnownFileType = sourcecode.swift; path = RegistrationController.swift; sourceTree = "<group>"; };
		31076CF8241DDF6D002FB947 /* CustomView.swift */ = {isa = PBXFileReference; lastKnownFileType = sourcecode.swift; path = CustomView.swift; sourceTree = "<group>"; };
		31076CFA241EAC22002FB947 /* GoogleService-Info.plist */ = {isa = PBXFileReference; fileEncoding = 4; lastKnownFileType = text.plist.xml; path = "GoogleService-Info.plist"; sourceTree = "<group>"; };
		313A339B241F2286009FF778 /* PostController.swift */ = {isa = PBXFileReference; lastKnownFileType = sourcecode.swift; path = PostController.swift; sourceTree = "<group>"; };
		313A339D241F3FDA009FF778 /* CaptionTextView.swift */ = {isa = PBXFileReference; lastKnownFileType = sourcecode.swift; path = CaptionTextView.swift; sourceTree = "<group>"; };
		315F6A74241ECD0000EE2901 /* Constants.swift */ = {isa = PBXFileReference; lastKnownFileType = sourcecode.swift; path = Constants.swift; sourceTree = "<group>"; };
		315F6A76241ED90400EE2901 /* AuthService.swift */ = {isa = PBXFileReference; lastKnownFileType = sourcecode.swift; path = AuthService.swift; sourceTree = "<group>"; };
		316995E5241D828300BEDFD0 /* TwitterMimic.app */ = {isa = PBXFileReference; explicitFileType = wrapper.application; includeInIndex = 0; path = TwitterMimic.app; sourceTree = BUILT_PRODUCTS_DIR; };
		316995E8241D828300BEDFD0 /* AppDelegate.swift */ = {isa = PBXFileReference; lastKnownFileType = sourcecode.swift; path = AppDelegate.swift; sourceTree = "<group>"; };
		316995EA241D828300BEDFD0 /* SceneDelegate.swift */ = {isa = PBXFileReference; lastKnownFileType = sourcecode.swift; path = SceneDelegate.swift; sourceTree = "<group>"; };
		316995EF241D828300BEDFD0 /* Base */ = {isa = PBXFileReference; lastKnownFileType = file.storyboard; name = Base; path = Base.lproj/Main.storyboard; sourceTree = "<group>"; };
		316995F1241D828400BEDFD0 /* Assets.xcassets */ = {isa = PBXFileReference; lastKnownFileType = folder.assetcatalog; path = Assets.xcassets; sourceTree = "<group>"; };
		316995F4241D828400BEDFD0 /* Base */ = {isa = PBXFileReference; lastKnownFileType = file.storyboard; name = Base; path = Base.lproj/LaunchScreen.storyboard; sourceTree = "<group>"; };
		316995F6241D828400BEDFD0 /* Info.plist */ = {isa = PBXFileReference; lastKnownFileType = text.plist.xml; path = Info.plist; sourceTree = "<group>"; };
		31699604241D83C300BEDFD0 /* MainTabController.swift */ = {isa = PBXFileReference; lastKnownFileType = sourcecode.swift; path = MainTabController.swift; sourceTree = "<group>"; };
		31699606241D852400BEDFD0 /* FeedController.swift */ = {isa = PBXFileReference; lastKnownFileType = sourcecode.swift; path = FeedController.swift; sourceTree = "<group>"; };
		31699608241D854E00BEDFD0 /* ExploreController.swift */ = {isa = PBXFileReference; lastKnownFileType = sourcecode.swift; path = ExploreController.swift; sourceTree = "<group>"; };
		3169960A241D855B00BEDFD0 /* NotificationsController.swift */ = {isa = PBXFileReference; lastKnownFileType = sourcecode.swift; path = NotificationsController.swift; sourceTree = "<group>"; };
		3169960C241D856B00BEDFD0 /* ConversationsController.swift */ = {isa = PBXFileReference; lastKnownFileType = sourcecode.swift; path = ConversationsController.swift; sourceTree = "<group>"; };
		31ECB469241F09D900C3AAD2 /* UserService.swift */ = {isa = PBXFileReference; lastKnownFileType = sourcecode.swift; path = UserService.swift; sourceTree = "<group>"; };
		31ECB46B241F0E9400C3AAD2 /* User.swift */ = {isa = PBXFileReference; lastKnownFileType = sourcecode.swift; path = User.swift; sourceTree = "<group>"; };
		3744362605DB3A85868EF9CF /* Pods-TwitterMimic.release.xcconfig */ = {isa = PBXFileReference; includeInIndex = 1; lastKnownFileType = text.xcconfig; name = "Pods-TwitterMimic.release.xcconfig"; path = "Target Support Files/Pods-TwitterMimic/Pods-TwitterMimic.release.xcconfig"; sourceTree = "<group>"; };
		56D5DB24650B6ABE2EB62C8F /* Pods-TwiterMimic.debug.xcconfig */ = {isa = PBXFileReference; includeInIndex = 1; lastKnownFileType = text.xcconfig; name = "Pods-TwiterMimic.debug.xcconfig"; path = "Target Support Files/Pods-TwiterMimic/Pods-TwiterMimic.debug.xcconfig"; sourceTree = "<group>"; };
		D13489B2FCBA0B3B181195A9 /* Pods-TwitterMimic.debug.xcconfig */ = {isa = PBXFileReference; includeInIndex = 1; lastKnownFileType = text.xcconfig; name = "Pods-TwitterMimic.debug.xcconfig"; path = "Target Support Files/Pods-TwitterMimic/Pods-TwitterMimic.debug.xcconfig"; sourceTree = "<group>"; };
		F64891107728CE00618966CC /* Pods_TwitterMimic.framework */ = {isa = PBXFileReference; explicitFileType = wrapper.framework; includeInIndex = 0; path = Pods_TwitterMimic.framework; sourceTree = BUILT_PRODUCTS_DIR; };
/* End PBXFileReference section */

/* Begin PBXFrameworksBuildPhase section */
		316995E2241D828300BEDFD0 /* Frameworks */ = {
			isa = PBXFrameworksBuildPhase;
			buildActionMask = 2147483647;
			files = (
				0B43904ED4B0DC8B57A0C5D5 /* Pods_TwitterMimic.framework in Frameworks */,
			);
			runOnlyForDeploymentPostprocessing = 0;
		};
/* End PBXFrameworksBuildPhase section */

/* Begin PBXGroup section */
		31076CF3241DA876002FB947 /* Authentication */ = {
			isa = PBXGroup;
			children = (
				31076CF4241DA891002FB947 /* LoginController.swift */,
				31076CF6241DA8F8002FB947 /* RegistrationController.swift */,
			);
			path = Authentication;
			sourceTree = "<group>";
		};
		316995DC241D828300BEDFD0 = {
			isa = PBXGroup;
			children = (
				316995E7241D828300BEDFD0 /* TwitterMimic */,
				316995E6241D828300BEDFD0 /* Products */,
				85D6F11FDEC7EF6B675AC8F5 /* Pods */,
				4C18E9DA28DDF9B4E3E35B02 /* Frameworks */,
			);
			sourceTree = "<group>";
		};
		316995E6241D828300BEDFD0 /* Products */ = {
			isa = PBXGroup;
			children = (
				316995E5241D828300BEDFD0 /* TwitterMimic.app */,
			);
			name = Products;
			sourceTree = "<group>";
		};
		316995E7241D828300BEDFD0 /* TwitterMimic */ = {
			isa = PBXGroup;
			children = (
				31699602241D830E00BEDFD0 /* Model */,
				31699601241D830D00BEDFD0 /* View */,
				31699600241D830B00BEDFD0 /* VIewModel */,
				316995FD241D830300BEDFD0 /* Controller */,
				316995FC241D82EF00BEDFD0 /* API */,
				31699603241D832600BEDFD0 /* Custom */,
				316995E8241D828300BEDFD0 /* AppDelegate.swift */,
				316995EA241D828300BEDFD0 /* SceneDelegate.swift */,
				316995EE241D828300BEDFD0 /* Main.storyboard */,
				316995F1241D828400BEDFD0 /* Assets.xcassets */,
				316995F3241D828400BEDFD0 /* LaunchScreen.storyboard */,
				316995F6241D828400BEDFD0 /* Info.plist */,
				31076CFA241EAC22002FB947 /* GoogleService-Info.plist */,
			);
			path = TwitterMimic;
			sourceTree = "<group>";
		};
		316995FC241D82EF00BEDFD0 /* API */ = {
			isa = PBXGroup;
			children = (
				315F6A76241ED90400EE2901 /* AuthService.swift */,
				31ECB469241F09D900C3AAD2 /* UserService.swift */,
			);
			path = API;
			sourceTree = "<group>";
		};
		316995FD241D830300BEDFD0 /* Controller */ = {
			isa = PBXGroup;
			children = (
				31076CF3241DA876002FB947 /* Authentication */,
				31699604241D83C300BEDFD0 /* MainTabController.swift */,
				31699606241D852400BEDFD0 /* FeedController.swift */,
				31699608241D854E00BEDFD0 /* ExploreController.swift */,
				3169960A241D855B00BEDFD0 /* NotificationsController.swift */,
				3169960C241D856B00BEDFD0 /* ConversationsController.swift */,
				313A339B241F2286009FF778 /* PostController.swift */,
			);
			path = Controller;
			sourceTree = "<group>";
		};
		31699600241D830B00BEDFD0 /* VIewModel */ = {
			isa = PBXGroup;
			children = (
			);
			path = VIewModel;
			sourceTree = "<group>";
		};
		31699601241D830D00BEDFD0 /* View */ = {
			isa = PBXGroup;
			children = (
				313A339D241F3FDA009FF778 /* CaptionTextView.swift */,
			);
			path = View;
			sourceTree = "<group>";
		};
		31699602241D830E00BEDFD0 /* Model */ = {
			isa = PBXGroup;
			children = (
				31ECB46B241F0E9400C3AAD2 /* User.swift */,
			);
			path = Model;
			sourceTree = "<group>";
		};
		31699603241D832600BEDFD0 /* Custom */ = {
			isa = PBXGroup;
			children = (
				31076CEF241DA0AC002FB947 /* UIView_Extensions.swift */,
				31076CF1241DA4DA002FB947 /* UIColor_Extensions.swift */,
				31076CF8241DDF6D002FB947 /* CustomView.swift */,
				315F6A74241ECD0000EE2901 /* Constants.swift */,
			);
			path = Custom;
			sourceTree = "<group>";
		};
		4C18E9DA28DDF9B4E3E35B02 /* Frameworks */ = {
			isa = PBXGroup;
			children = (
				F64891107728CE00618966CC /* Pods_TwitterMimic.framework */,
			);
			name = Frameworks;
			sourceTree = "<group>";
		};
		85D6F11FDEC7EF6B675AC8F5 /* Pods */ = {
			isa = PBXGroup;
			children = (
				56D5DB24650B6ABE2EB62C8F /* Pods-TwiterMimic.debug.xcconfig */,
				213927F02720463C9F36138A /* Pods-TwiterMimic.release.xcconfig */,
				D13489B2FCBA0B3B181195A9 /* Pods-TwitterMimic.debug.xcconfig */,
				3744362605DB3A85868EF9CF /* Pods-TwitterMimic.release.xcconfig */,
			);
			path = Pods;
			sourceTree = "<group>";
		};
/* End PBXGroup section */

/* Begin PBXNativeTarget section */
		316995E4241D828300BEDFD0 /* TwitterMimic */ = {
			isa = PBXNativeTarget;
			buildConfigurationList = 316995F9241D828400BEDFD0 /* Build configuration list for PBXNativeTarget "TwitterMimic" */;
			buildPhases = (
				0BD43D096C80C449E47E7B2E /* [CP] Check Pods Manifest.lock */,
				316995E1241D828300BEDFD0 /* Sources */,
				316995E2241D828300BEDFD0 /* Frameworks */,
				316995E3241D828300BEDFD0 /* Resources */,
				83E0F3B351350F3411520F19 /* [CP] Embed Pods Frameworks */,
			);
			buildRules = (
			);
			dependencies = (
			);
			name = TwitterMimic;
			productName = TwiterMimic;
			productReference = 316995E5241D828300BEDFD0 /* TwitterMimic.app */;
			productType = "com.apple.product-type.application";
		};
/* End PBXNativeTarget section */

/* Begin PBXProject section */
		316995DD241D828300BEDFD0 /* Project object */ = {
			isa = PBXProject;
			attributes = {
				LastSwiftUpdateCheck = 1130;
				LastUpgradeCheck = 1130;
				ORGANIZATIONNAME = Kyo;
				TargetAttributes = {
					316995E4241D828300BEDFD0 = {
						CreatedOnToolsVersion = 11.3.1;
					};
				};
			};
			buildConfigurationList = 316995E0241D828300BEDFD0 /* Build configuration list for PBXProject "TwitterMimic" */;
			compatibilityVersion = "Xcode 9.3";
			developmentRegion = en;
			hasScannedForEncodings = 0;
			knownRegions = (
				en,
				Base,
			);
			mainGroup = 316995DC241D828300BEDFD0;
			productRefGroup = 316995E6241D828300BEDFD0 /* Products */;
			projectDirPath = "";
			projectRoot = "";
			targets = (
				316995E4241D828300BEDFD0 /* TwitterMimic */,
			);
		};
/* End PBXProject section */

/* Begin PBXResourcesBuildPhase section */
		316995E3241D828300BEDFD0 /* Resources */ = {
			isa = PBXResourcesBuildPhase;
			buildActionMask = 2147483647;
			files = (
				316995F5241D828400BEDFD0 /* LaunchScreen.storyboard in Resources */,
				31076CFB241EAC22002FB947 /* GoogleService-Info.plist in Resources */,
				316995F2241D828400BEDFD0 /* Assets.xcassets in Resources */,
				316995F0241D828300BEDFD0 /* Main.storyboard in Resources */,
			);
			runOnlyForDeploymentPostprocessing = 0;
		};
/* End PBXResourcesBuildPhase section */

/* Begin PBXShellScriptBuildPhase section */
		0BD43D096C80C449E47E7B2E /* [CP] Check Pods Manifest.lock */ = {
			isa = PBXShellScriptBuildPhase;
			buildActionMask = 2147483647;
			files = (
			);
			inputFileListPaths = (
			);
			inputPaths = (
				"${PODS_PODFILE_DIR_PATH}/Podfile.lock",
				"${PODS_ROOT}/Manifest.lock",
			);
			name = "[CP] Check Pods Manifest.lock";
			outputFileListPaths = (
			);
			outputPaths = (
				"$(DERIVED_FILE_DIR)/Pods-TwitterMimic-checkManifestLockResult.txt",
			);
			runOnlyForDeploymentPostprocessing = 0;
			shellPath = /bin/sh;
			shellScript = "diff \"${PODS_PODFILE_DIR_PATH}/Podfile.lock\" \"${PODS_ROOT}/Manifest.lock\" > /dev/null\nif [ $? != 0 ] ; then\n    # print error to STDERR\n    echo \"error: The sandbox is not in sync with the Podfile.lock. Run 'pod install' or update your CocoaPods installation.\" >&2\n    exit 1\nfi\n# This output is used by Xcode 'outputs' to avoid re-running this script phase.\necho \"SUCCESS\" > \"${SCRIPT_OUTPUT_FILE_0}\"\n";
			showEnvVarsInLog = 0;
		};
		83E0F3B351350F3411520F19 /* [CP] Embed Pods Frameworks */ = {
			isa = PBXShellScriptBuildPhase;
			buildActionMask = 2147483647;
			files = (
			);
			inputFileListPaths = (
				"${PODS_ROOT}/Target Support Files/Pods-TwitterMimic/Pods-TwitterMimic-frameworks-${CONFIGURATION}-input-files.xcfilelist",
			);
			name = "[CP] Embed Pods Frameworks";
			outputFileListPaths = (
				"${PODS_ROOT}/Target Support Files/Pods-TwitterMimic/Pods-TwitterMimic-frameworks-${CONFIGURATION}-output-files.xcfilelist",
			);
			runOnlyForDeploymentPostprocessing = 0;
			shellPath = /bin/sh;
			shellScript = "\"${PODS_ROOT}/Target Support Files/Pods-TwitterMimic/Pods-TwitterMimic-frameworks.sh\"\n";
			showEnvVarsInLog = 0;
		};
/* End PBXShellScriptBuildPhase section */

/* Begin PBXSourcesBuildPhase section */
		316995E1241D828300BEDFD0 /* Sources */ = {
			isa = PBXSourcesBuildPhase;
			buildActionMask = 2147483647;
			files = (
				3169960B241D855B00BEDFD0 /* NotificationsController.swift in Sources */,
				316995E9241D828300BEDFD0 /* AppDelegate.swift in Sources */,
				31699609241D854E00BEDFD0 /* ExploreController.swift in Sources */,
				31076CF0241DA0AC002FB947 /* UIView_Extensions.swift in Sources */,
				31ECB46C241F0E9400C3AAD2 /* User.swift in Sources */,
				316995EB241D828300BEDFD0 /* SceneDelegate.swift in Sources */,
				313A339E241F3FDA009FF778 /* CaptionTextView.swift in Sources */,
				31699605241D83C300BEDFD0 /* MainTabController.swift in Sources */,
				31076CF9241DDF6D002FB947 /* CustomView.swift in Sources */,
				315F6A75241ECD0000EE2901 /* Constants.swift in Sources */,
				31076CF7241DA8F8002FB947 /* RegistrationController.swift in Sources */,
				3169960D241D856B00BEDFD0 /* ConversationsController.swift in Sources */,
				31699607241D852400BEDFD0 /* FeedController.swift in Sources */,
				31ECB46A241F09D900C3AAD2 /* UserService.swift in Sources */,
				31076CF2241DA4DA002FB947 /* UIColor_Extensions.swift in Sources */,
				31076CF5241DA891002FB947 /* LoginController.swift in Sources */,
				315F6A77241ED90400EE2901 /* AuthService.swift in Sources */,
				313A339C241F2286009FF778 /* PostController.swift in Sources */,
			);
			runOnlyForDeploymentPostprocessing = 0;
		};
/* End PBXSourcesBuildPhase section */

/* Begin PBXVariantGroup section */
		316995EE241D828300BEDFD0 /* Main.storyboard */ = {
			isa = PBXVariantGroup;
			children = (
				316995EF241D828300BEDFD0 /* Base */,
			);
			name = Main.storyboard;
			sourceTree = "<group>";
		};
		316995F3241D828400BEDFD0 /* LaunchScreen.storyboard */ = {
			isa = PBXVariantGroup;
			children = (
				316995F4241D828400BEDFD0 /* Base */,
			);
			name = LaunchScreen.storyboard;
			sourceTree = "<group>";
		};
/* End PBXVariantGroup section */

/* Begin XCBuildConfiguration section */
		316995F7241D828400BEDFD0 /* Debug */ = {
			isa = XCBuildConfiguration;
			buildSettings = {
				ALWAYS_SEARCH_USER_PATHS = NO;
				CLANG_ANALYZER_NONNULL = YES;
				CLANG_ANALYZER_NUMBER_OBJECT_CONVERSION = YES_AGGRESSIVE;
				CLANG_CXX_LANGUAGE_STANDARD = "gnu++14";
				CLANG_CXX_LIBRARY = "libc++";
				CLANG_ENABLE_MODULES = YES;
				CLANG_ENABLE_OBJC_ARC = YES;
				CLANG_ENABLE_OBJC_WEAK = YES;
				CLANG_WARN_BLOCK_CAPTURE_AUTORELEASING = YES;
				CLANG_WARN_BOOL_CONVERSION = YES;
				CLANG_WARN_COMMA = YES;
				CLANG_WARN_CONSTANT_CONVERSION = YES;
				CLANG_WARN_DEPRECATED_OBJC_IMPLEMENTATIONS = YES;
				CLANG_WARN_DIRECT_OBJC_ISA_USAGE = YES_ERROR;
				CLANG_WARN_DOCUMENTATION_COMMENTS = YES;
				CLANG_WARN_EMPTY_BODY = YES;
				CLANG_WARN_ENUM_CONVERSION = YES;
				CLANG_WARN_INFINITE_RECURSION = YES;
				CLANG_WARN_INT_CONVERSION = YES;
				CLANG_WARN_NON_LITERAL_NULL_CONVERSION = YES;
				CLANG_WARN_OBJC_IMPLICIT_RETAIN_SELF = YES;
				CLANG_WARN_OBJC_LITERAL_CONVERSION = YES;
				CLANG_WARN_OBJC_ROOT_CLASS = YES_ERROR;
				CLANG_WARN_RANGE_LOOP_ANALYSIS = YES;
				CLANG_WARN_STRICT_PROTOTYPES = YES;
				CLANG_WARN_SUSPICIOUS_MOVE = YES;
				CLANG_WARN_UNGUARDED_AVAILABILITY = YES_AGGRESSIVE;
				CLANG_WARN_UNREACHABLE_CODE = YES;
				CLANG_WARN__DUPLICATE_METHOD_MATCH = YES;
				COPY_PHASE_STRIP = NO;
				DEBUG_INFORMATION_FORMAT = dwarf;
				ENABLE_STRICT_OBJC_MSGSEND = YES;
				ENABLE_TESTABILITY = YES;
				GCC_C_LANGUAGE_STANDARD = gnu11;
				GCC_DYNAMIC_NO_PIC = NO;
				GCC_NO_COMMON_BLOCKS = YES;
				GCC_OPTIMIZATION_LEVEL = 0;
				GCC_PREPROCESSOR_DEFINITIONS = (
					"DEBUG=1",
					"$(inherited)",
				);
				GCC_WARN_64_TO_32_BIT_CONVERSION = YES;
				GCC_WARN_ABOUT_RETURN_TYPE = YES_ERROR;
				GCC_WARN_UNDECLARED_SELECTOR = YES;
				GCC_WARN_UNINITIALIZED_AUTOS = YES_AGGRESSIVE;
				GCC_WARN_UNUSED_FUNCTION = YES;
				GCC_WARN_UNUSED_VARIABLE = YES;
				IPHONEOS_DEPLOYMENT_TARGET = 13.2;
				MTL_ENABLE_DEBUG_INFO = INCLUDE_SOURCE;
				MTL_FAST_MATH = YES;
				ONLY_ACTIVE_ARCH = YES;
				SDKROOT = iphoneos;
				SWIFT_ACTIVE_COMPILATION_CONDITIONS = DEBUG;
				SWIFT_OPTIMIZATION_LEVEL = "-Onone";
			};
			name = Debug;
		};
		316995F8241D828400BEDFD0 /* Release */ = {
			isa = XCBuildConfiguration;
			buildSettings = {
				ALWAYS_SEARCH_USER_PATHS = NO;
				CLANG_ANALYZER_NONNULL = YES;
				CLANG_ANALYZER_NUMBER_OBJECT_CONVERSION = YES_AGGRESSIVE;
				CLANG_CXX_LANGUAGE_STANDARD = "gnu++14";
				CLANG_CXX_LIBRARY = "libc++";
				CLANG_ENABLE_MODULES = YES;
				CLANG_ENABLE_OBJC_ARC = YES;
				CLANG_ENABLE_OBJC_WEAK = YES;
				CLANG_WARN_BLOCK_CAPTURE_AUTORELEASING = YES;
				CLANG_WARN_BOOL_CONVERSION = YES;
				CLANG_WARN_COMMA = YES;
				CLANG_WARN_CONSTANT_CONVERSION = YES;
				CLANG_WARN_DEPRECATED_OBJC_IMPLEMENTATIONS = YES;
				CLANG_WARN_DIRECT_OBJC_ISA_USAGE = YES_ERROR;
				CLANG_WARN_DOCUMENTATION_COMMENTS = YES;
				CLANG_WARN_EMPTY_BODY = YES;
				CLANG_WARN_ENUM_CONVERSION = YES;
				CLANG_WARN_INFINITE_RECURSION = YES;
				CLANG_WARN_INT_CONVERSION = YES;
				CLANG_WARN_NON_LITERAL_NULL_CONVERSION = YES;
				CLANG_WARN_OBJC_IMPLICIT_RETAIN_SELF = YES;
				CLANG_WARN_OBJC_LITERAL_CONVERSION = YES;
				CLANG_WARN_OBJC_ROOT_CLASS = YES_ERROR;
				CLANG_WARN_RANGE_LOOP_ANALYSIS = YES;
				CLANG_WARN_STRICT_PROTOTYPES = YES;
				CLANG_WARN_SUSPICIOUS_MOVE = YES;
				CLANG_WARN_UNGUARDED_AVAILABILITY = YES_AGGRESSIVE;
				CLANG_WARN_UNREACHABLE_CODE = YES;
				CLANG_WARN__DUPLICATE_METHOD_MATCH = YES;
				COPY_PHASE_STRIP = NO;
				DEBUG_INFORMATION_FORMAT = "dwarf-with-dsym";
				ENABLE_NS_ASSERTIONS = NO;
				ENABLE_STRICT_OBJC_MSGSEND = YES;
				GCC_C_LANGUAGE_STANDARD = gnu11;
				GCC_NO_COMMON_BLOCKS = YES;
				GCC_WARN_64_TO_32_BIT_CONVERSION = YES;
				GCC_WARN_ABOUT_RETURN_TYPE = YES_ERROR;
				GCC_WARN_UNDECLARED_SELECTOR = YES;
				GCC_WARN_UNINITIALIZED_AUTOS = YES_AGGRESSIVE;
				GCC_WARN_UNUSED_FUNCTION = YES;
				GCC_WARN_UNUSED_VARIABLE = YES;
				IPHONEOS_DEPLOYMENT_TARGET = 13.2;
				MTL_ENABLE_DEBUG_INFO = NO;
				MTL_FAST_MATH = YES;
				SDKROOT = iphoneos;
				SWIFT_COMPILATION_MODE = wholemodule;
				SWIFT_OPTIMIZATION_LEVEL = "-O";
				VALIDATE_PRODUCT = YES;
			};
			name = Release;
		};
		316995FA241D828400BEDFD0 /* Debug */ = {
			isa = XCBuildConfiguration;
			baseConfigurationReference = D13489B2FCBA0B3B181195A9 /* Pods-TwitterMimic.debug.xcconfig */;
			buildSettings = {
				ASSETCATALOG_COMPILER_APPICON_NAME = AppIcon;
				CODE_SIGN_STYLE = Automatic;
				DEVELOPMENT_TEAM = YDBB8774WP;
				INFOPLIST_FILE = TwitterMimic/Info.plist;
				LD_RUNPATH_SEARCH_PATHS = (
					"$(inherited)",
					"@executable_path/Frameworks",
				);
				PRODUCT_BUNDLE_IDENTIFIER = "com.csci-kyoheo.TwitterMimic";
				PRODUCT_NAME = TwitterMimic;
				SWIFT_VERSION = 5.0;
				TARGETED_DEVICE_FAMILY = "1,2";
			};
			name = Debug;
		};
		316995FB241D828400BEDFD0 /* Release */ = {
			isa = XCBuildConfiguration;
			baseConfigurationReference = 3744362605DB3A85868EF9CF /* Pods-TwitterMimic.release.xcconfig */;
			buildSettings = {
				ASSETCATALOG_COMPILER_APPICON_NAME = AppIcon;
				CODE_SIGN_STYLE = Automatic;
				DEVELOPMENT_TEAM = YDBB8774WP;
				INFOPLIST_FILE = TwitterMimic/Info.plist;
				LD_RUNPATH_SEARCH_PATHS = (
					"$(inherited)",
					"@executable_path/Frameworks",
				);
				PRODUCT_BUNDLE_IDENTIFIER = "com.csci-kyoheo.TwitterMimic";
				PRODUCT_NAME = TwitterMimic;
				SWIFT_VERSION = 5.0;
				TARGETED_DEVICE_FAMILY = "1,2";
			};
			name = Release;
		};
/* End XCBuildConfiguration section */

/* Begin XCConfigurationList section */
		316995E0241D828300BEDFD0 /* Build configuration list for PBXProject "TwitterMimic" */ = {
			isa = XCConfigurationList;
			buildConfigurations = (
				316995F7241D828400BEDFD0 /* Debug */,
				316995F8241D828400BEDFD0 /* Release */,
			);
			defaultConfigurationIsVisible = 0;
			defaultConfigurationName = Release;
		};
		316995F9241D828400BEDFD0 /* Build configuration list for PBXNativeTarget "TwitterMimic" */ = {
			isa = XCConfigurationList;
			buildConfigurations = (
				316995FA241D828400BEDFD0 /* Debug */,
				316995FB241D828400BEDFD0 /* Release */,
			);
			defaultConfigurationIsVisible = 0;
			defaultConfigurationName = Release;
		};
/* End XCConfigurationList section */
	};
	rootObject = 316995DD241D828300BEDFD0 /* Project object */;
}
